# This file is automatically @generated by Cargo.
# It is not intended for manual editing.
version = 4

[[package]]
name = "blake2b-ref"
version = "0.3.1"
source = "registry+https://github.com/rust-lang/crates.io-index"
checksum = "294d17c72e0ba59fad763caa112368d0672083779cdebbb97164f4bb4c1e339a"

[[package]]
name = "buddy-alloc"
version = "0.6.0"
source = "registry+https://github.com/rust-lang/crates.io-index"
checksum = "ee741d62dcaf41ca303576ef890989ccb01d5dd77f8ce1a6d6c7846ab5d09efb"

[[package]]
name = "bytes"
version = "1.11.1"
source = "registry+https://github.com/rust-lang/crates.io-index"
checksum = "1e748733b7cbc798e1434b6ac524f0c1ff2ab456fe201501e6497c8417a4fc33"

[[package]]
name = "cc"
version = "1.2.59"
source = "registry+https://github.com/rust-lang/crates.io-index"
checksum = "b7a4d3ec6524d28a329fc53654bbadc9bdd7b0431f5d65f1a56ffb28a1ee5283"
dependencies = [
 "find-msvc-tools",
 "shlex",
]

[[package]]
name = "cfg-if"
version = "1.0.4"
source = "registry+https://github.com/rust-lang/crates.io-index"
checksum = "9330f8b2ff13f34540b44e946ef35111825727b38d33286ef986142615121801"

[[package]]
name = "ckb-gen-types"
version = "0.119.0"
source = "registry+https://github.com/rust-lang/crates.io-index"
checksum = "1bc221d4b9d6d39215b1d62be855861b8b0c8d668ca29874903b0bf5d0b4d9fa"
dependencies = [
 "cfg-if",
 "ckb-hash",
 "molecule",
]

[[package]]
name = "ckb-hash"
version = "0.119.0"
source = "registry+https://github.com/rust-lang/crates.io-index"
checksum = "99ba7c72f86f239b3e0154f51d6cd5d0d83bbaa8775fdc7b6bcac459ae24b6fd"
dependencies = [
 "blake2b-ref",
]

[[package]]
name = "ckb-std"
version = "0.16.4"
source = "registry+https://github.com/rust-lang/crates.io-index"
checksum = "4a673595baadfa1712ff03a36e1519f28015cf9944282410863d5e256336f5b9"
dependencies = [
 "buddy-alloc",
 "cc",
 "ckb-gen-types",
 "gcd",
]

[[package]]
name = "find-msvc-tools"
version = "0.1.9"
source = "registry+https://github.com/rust-lang/crates.io-index"
checksum = "5baebc0774151f905a1a2cc41989300b1e6fbb29aff0ceffa1064fdd3088d582"

[[package]]
name = "gcd"
version = "2.3.0"
source = "registry+https://github.com/rust-lang/crates.io-index"
checksum = "1d758ba1b47b00caf47f24925c0074ecb20d6dfcffe7f6d53395c0465674841a"

[[package]]
name = "molecule"
version = "0.8.0"
source = "registry+https://github.com/rust-lang/crates.io-index"
checksum = "6efe1c7efcd0bdf4ca590e104bcb13087d9968956ae4ae98e92fb8c1da0f3730"
dependencies = [
 "bytes",
 "cfg-if",
]

[[package]]
name = "shlex"
version = "1.3.0"
source = "registry+https://github.com/rust-lang/crates.io-index"
checksum = "0fda2ff0d084019ba4d7c6f371c95d8fd75ce3524c3cb8fb653a3023f6323e64"

[[package]]
name = "tictactoe-script"
version = "0.1.0"
dependencies = [
 "ckb-std",
]
